
Microsoft Visual Studio Solution File, Format Version 12.00
# Visual Studio Version 16
VisualStudioVersion = 16.0.30330.147
MinimumVisualStudioVersion = 10.0.40219.1
Project("{8BC9CEB8-8B4A-11D0-8D11-00A0C91BC942}") = "bbsort", "bbsort\bbsort.vcxproj", "{787156DA-3A53-4B61-B9C8-8B6F976E16AD}"
EndProject
Global
	GlobalSection(SolutionConfigurationPlatforms) = preSolution
		Debug|x64 = Debug|x64
		Debug|x86 = Debug|x86
		Release|x64 = Release|x64
		Release|x86 = Release|x86
	EndGlobalSection
	GlobalSection(ProjectConfigurationPlatforms) = postSolution
		{787156DA-3A53-4B61-B9C8-8B6F976E16AD}.Debug|x64.ActiveCfg = Debug|x64
		{787156DA-3A53-4B61-B9C8-8B6F976E16AD}.Debug|x64.Build.0 = Debug|x64
		{787156DA-3A53-4B61-B9C8-8B6F976E16AD}.Debug|x86.ActiveCfg = Debug|Win32
		{787156DA-3A53-4B61-B9C8-8B6F976E16AD}.Debug|x86.Build.0 = Debug|Win32
		{787156DA-3A53-4B61-B9C8-8B6F976E16AD}.Release|x64.ActiveCfg = Release|x64
		{787156DA-3A53-4B61-B9C8-8B6F976E16AD}.Release|x64.Build.0 = Release|x64
		{787156DA-3A53-4B61-B9C8-8B6F976E16AD}.Release|x86.ActiveCfg = Release|Win32
		{787156DA-3A53-4B61-B9C8-8B6F976E16AD}.Release|x86.Build.0 = Release|Win32
	EndGlobalSection
	GlobalSection(SolutionProperties) = preSolution
		HideSolutionNode = FALSE
	EndGlobalSection
	GlobalSection(ExtensibilityGlobals) = postSolution
		SolutionGuid = {37962F2F-6337-4C28-9AFE-8E5BC4E77416}
	EndGlobalSection
EndGlobal
